{
    "beberlei/assert": {
        "version": "v3.3.2"
    },
    "carlosas/php-stubsmap": {
        "version": "0.1.1"
    },
    "jcupitt/vips": {
        "version": "v1.0.9"
    },
    "phenx/php-font-lib": {
        "version": "0.5.4"
    },
    "phpat/phpat": {
        "version": "0.8.3"
    },
    "rokka/imagine-vips": {
        "version": "0.14.0"
    },
    "symfony/polyfill-php72": {
        "version": "v1.24.0"
    },
    "symfony/polyfill-php73": {
        "version": "v1.24.0"
    },
    "symfony/polyfill-php80": {
        "version": "v1.24.0"
    },
    "symfony/polyfill-php81": {
        "version": "v1.24.0"
    },
    "symfony/runtime": {
        "version": "v5.4.3"
    }
}
